
Microsoft Visual Studio Solution File, Format Version 12.00
# Visual Studio Version 16
VisualStudioVersion = 16.0.31019.35
MinimumVisualStudioVersion = 10.0.40219.1
Project("{8BC9CEB8-8B4A-11D0-8D11-00A0C91BC942}") = "三子棋", "三子棋\三子棋.vcxproj", "{D142FE57-E0B6-4C84-90A8-6CF5640EE178}"
EndProject
Global
	GlobalSection(SolutionConfigurationPlatforms) = preSolution
		Debug|x64 = Debug|x64
		Debug|x86 = Debug|x86
		Release|x64 = Release|x64
		Release|x86 = Release|x86
	EndGlobalSection
	GlobalSection(ProjectConfigurationPlatforms) = postSolution
		{D142FE57-E0B6-4C84-90A8-6CF5640EE178}.Debug|x64.ActiveCfg = Debug|x64
		{D142FE57-E0B6-4C84-90A8-6CF5640EE178}.Debug|x64.Build.0 = Debug|x64
		{D142FE57-E0B6-4C84-90A8-6CF5640EE178}.Debug|x86.ActiveCfg = Debug|Win32
		{D142FE57-E0B6-4C84-90A8-6CF5640EE178}.Debug|x86.Build.0 = Debug|Win32
		{D142FE57-E0B6-4C84-90A8-6CF5640EE178}.Release|x64.ActiveCfg = Release|x64
		{D142FE57-E0B6-4C84-90A8-6CF5640EE178}.Release|x64.Build.0 = Release|x64
		{D142FE57-E0B6-4C84-90A8-6CF5640EE178}.Release|x86.ActiveCfg = Release|Win32
		{D142FE57-E0B6-4C84-90A8-6CF5640EE178}.Release|x86.Build.0 = Release|Win32
	EndGlobalSection
	GlobalSection(SolutionProperties) = preSolution
		HideSolutionNode = FALSE
	EndGlobalSection
	GlobalSection(ExtensibilityGlobals) = postSolution
		SolutionGuid = {93BE6AB4-A24E-4D7C-82A9-D35142D4CF1A}
	EndGlobalSection
EndGlobal
